<Solution>
  <Folder Name="/src/" />
  <Folder Name="/src/Core/">
    <Project Path="Core/CKY.MAF.Core.csproj" />
  </Folder>
  <!-- Demo project temporarily excluded - needs updates after EF Core refactor -->
  <!-- <Folder Name="/src/Demos/" />
  <Folder Name="/src/Demos/SmartHome/">
    <Project Path="Demos/SmartHome/CKY.MAF.Demos.SmartHome.csproj" />
  </Folder> -->
  <Folder Name="/src/Infrastructure/">
    <Folder Name="/src/Infrastructure/Caching/">
      <Project Path="Infrastructure/Caching/CKY.MAF.Infrastructure.Caching.csproj" />
    </Folder>
    <Folder Name="/src/Infrastructure/DependencyInjection/">
      <Project Path="Infrastructure/DependencyInjection/CKY.MAF.Infrastructure.DependencyInjection.csproj" />
    </Folder>
    <Folder Name="/src/Infrastructure/Repository/">
      <Project Path="Infrastructure/Repository/CKY.MAF.Repository.csproj" />
    </Folder>
    <Folder Name="/src/Infrastructure/Vectorization/">
      <Project Path="Infrastructure/Vectorization/CKY.MAF.Infrastructure.Vectorization.csproj" />
    </Folder>
  </Folder>
  <Folder Name="/src/Services/">
    <Project Path="Services/CKY.MAF.Services.csproj" />
  </Folder>
  <Folder Name="/src/tests/" />
  <Folder Name="/src/tests/IntegrationTests/">
    <Project Path="tests/IntegrationTests/CKY.MAF.IntegrationTests.csproj" />
  </Folder>
  <Folder Name="/src/tests/UnitTests/">
    <Project Path="tests/UnitTests/CKY.MAF.Tests.csproj" />
  </Folder>
</Solution>
